
Microsoft Visual Studio Solution File, Format Version 12.00
# Visual Studio Version 16
VisualStudioVersion = 16.0.30907.101
MinimumVisualStudioVersion = 10.0.40219.1
Project("{8BC9CEB8-8B4A-11D0-8D11-00A0C91BC942}") = "Looped_list", "Looped_list.vcxproj", "{CAF511B9-C27D-41EE-81D5-D12FA938A586}"
EndProject
Global
	GlobalSection(SolutionConfigurationPlatforms) = preSolution
		Debug|x64 = Debug|x64
		Debug|x86 = Debug|x86
		Release|x64 = Release|x64
		Release|x86 = Release|x86
	EndGlobalSection
	GlobalSection(ProjectConfigurationPlatforms) = postSolution
		{CAF511B9-C27D-41EE-81D5-D12FA938A586}.Debug|x64.ActiveCfg = Debug|x64
		{CAF511B9-C27D-41EE-81D5-D12FA938A586}.Debug|x64.Build.0 = Debug|x64
		{CAF511B9-C27D-41EE-81D5-D12FA938A586}.Debug|x86.ActiveCfg = Debug|Win32
		{CAF511B9-C27D-41EE-81D5-D12FA938A586}.Debug|x86.Build.0 = Debug|Win32
		{CAF511B9-C27D-41EE-81D5-D12FA938A586}.Release|x64.ActiveCfg = Release|x64
		{CAF511B9-C27D-41EE-81D5-D12FA938A586}.Release|x64.Build.0 = Release|x64
		{CAF511B9-C27D-41EE-81D5-D12FA938A586}.Release|x86.ActiveCfg = Release|Win32
		{CAF511B9-C27D-41EE-81D5-D12FA938A586}.Release|x86.Build.0 = Release|Win32
	EndGlobalSection
	GlobalSection(SolutionProperties) = preSolution
		HideSolutionNode = FALSE
	EndGlobalSection
	GlobalSection(ExtensibilityGlobals) = postSolution
		SolutionGuid = {A284F60C-94C9-41D4-AF6D-EE962FE1ED1B}
	EndGlobalSection
EndGlobal
